// !$*UTF8*$!
{
	archiveVersion = 1;
	classes = {
	};
	objectVersion = 48;
	objects = {

/* Begin PBXBuildFile section */
		ACDFCB6B205ED14E00046390 /* AppDelegate.swift in Sources */ = {isa = PBXBuildFile; fileRef = ACDFCB6A205ED14E00046390 /* AppDelegate.swift */; };
		ACDFCB6D205ED14E00046390 /* ViewController.swift in Sources */ = {isa = PBXBuildFile; fileRef = ACDFCB6C205ED14E00046390 /* ViewController.swift */; };
		ACDFCB70205ED14E00046390 /* Main.storyboard in Resources */ = {isa = PBXBuildFile; fileRef = ACDFCB6E205ED14E00046390 /* Main.storyboard */; };
		ACDFCB72205ED14E00046390 /* Assets.xcassets in Resources */ = {isa = PBXBuildFile; fileRef = ACDFCB71205ED14E00046390 /* Assets.xcassets */; };
		ACDFCB75205ED14E00046390 /* LaunchScreen.storyboard in Resources */ = {isa = PBXBuildFile; fileRef = ACDFCB73205ED14E00046390 /* LaunchScreen.storyboard */; };
		ACDFCB7F205ED19100046390 /* alertsound.wav in Resources */ = {isa = PBXBuildFile; fileRef = ACDFCB7D205ED19100046390 /* alertsound.wav */; };
		ACDFCB80205ED19100046390 /* soundeffect.wav in Resources */ = {isa = PBXBuildFile; fileRef = ACDFCB7E205ED19100046390 /* soundeffect.wav */; };
/* End PBXBuildFile section */

/* Begin PBXFileReference section */
		ACDFCB67205ED14E00046390 /* GettingAttention.app */ = {isa = PBXFileReference; explicitFileType = wrapper.application; includeInIndex = 0; path = GettingAttention.app; sourceTree = BUILT_PRODUCTS_DIR; };
		ACDFCB6A205ED14E00046390 /* AppDelegate.swift */ = {isa = PBXFileReference; lastKnownFileType = sourcecode.swift; path = AppDelegate.swift; sourceTree = "<group>"; };
		ACDFCB6C205ED14E00046390 /* ViewController.swift */ = {isa = PBXFileReference; lastKnownFileType = sourcecode.swift; path = ViewController.swift; sourceTree = "<group>"; };
		ACDFCB6F205ED14E00046390 /* Base */ = {isa = PBXFileReference; lastKnownFileType = file.storyboard; name = Base; path = Base.lproj/Main.storyboard; sourceTree = "<group>"; };
		ACDFCB71205ED14E00046390 /* Assets.xcassets */ = {isa = PBXFileReference; lastKnownFileType = folder.assetcatalog; path = Assets.xcassets; sourceTree = "<group>"; };
		ACDFCB74205ED14E00046390 /* Base */ = {isa = PBXFileReference; lastKnownFileType = file.storyboard; name = Base; path = Base.lproj/LaunchScreen.storyboard; sourceTree = "<group>"; };
		ACDFCB76205ED14E00046390 /* Info.plist */ = {isa = PBXFileReference; lastKnownFileType = text.plist.xml; path = Info.plist; sourceTree = "<group>"; };
		ACDFCB7D205ED19100046390 /* alertsound.wav */ = {isa = PBXFileReference; lastKnownFileType = audio.wav; path = alertsound.wav; sourceTree = "<group>"; };
		ACDFCB7E205ED19100046390 /* soundeffect.wav */ = {isa = PBXFileReference; lastKnownFileType = audio.wav; path = soundeffect.wav; sourceTree = "<group>"; };
/* End PBXFileReference section */

/* Begin PBXFrameworksBuildPhase section */
		ACDFCB64205ED14E00046390 /* Frameworks */ = {
			isa = PBXFrameworksBuildPhase;
			buildActionMask = 2147483647;
			files = (
			);
			runOnlyForDeploymentPostprocessing = 0;
		};
/* End PBXFrameworksBuildPhase section */

/* Begin PBXGroup section */
		ACDFCB5E205ED14E00046390 = {
			isa = PBXGroup;
			children = (
				ACDFCB69205ED14E00046390 /* GettingAttention */,
				ACDFCB68205ED14E00046390 /* Products */,
			);
			sourceTree = "<group>";
		};
		ACDFCB68205ED14E00046390 /* Products */ = {
			isa = PBXGroup;
			children = (
				ACDFCB67205ED14E00046390 /* GettingAttention.app */,
			);
			name = Products;
			sourceTree = "<group>";
		};
		ACDFCB69205ED14E00046390 /* GettingAttention */ = {
			isa = PBXGroup;
			children = (
				ACDFCB7C205ED19100046390 /* Sounds */,
				ACDFCB6A205ED14E00046390 /* AppDelegate.swift */,
				ACDFCB6C205ED14E00046390 /* ViewController.swift */,
				ACDFCB6E205ED14E00046390 /* Main.storyboard */,
				ACDFCB71205ED14E00046390 /* Assets.xcassets */,
				ACDFCB73205ED14E00046390 /* LaunchScreen.storyboard */,
				ACDFCB76205ED14E00046390 /* Info.plist */,
			);
			path = GettingAttention;
			sourceTree = "<group>";
		};
		ACDFCB7C205ED19100046390 /* Sounds */ = {
			isa = PBXGroup;
			children = (
				ACDFCB7D205ED19100046390 /* alertsound.wav */,
				ACDFCB7E205ED19100046390 /* soundeffect.wav */,
			);
			path = Sounds;
			sourceTree = "<group>";
		};
/* End PBXGroup section */

/* Begin PBXNativeTarget section */
		ACDFCB66205ED14E00046390 /* GettingAttention */ = {
			isa = PBXNativeTarget;
			buildConfigurationList = ACDFCB79205ED14E00046390 /* Build configuration list for PBXNativeTarget "GettingAttention" */;
			buildPhases = (
				ACDFCB63205ED14E00046390 /* Sources */,
				ACDFCB64205ED14E00046390 /* Frameworks */,
				ACDFCB65205ED14E00046390 /* Resources */,
			);
			buildRules = (
			);
			dependencies = (
			);
			name = GettingAttention;
			productName = GettingAttention;
			productReference = ACDFCB67205ED14E00046390 /* GettingAttention.app */;
			productType = "com.apple.product-type.application";
		};
/* End PBXNativeTarget section */

/* Begin PBXProject section */
		ACDFCB5F205ED14E00046390 /* Project object */ = {
			isa = PBXProject;
			attributes = {
				LastSwiftUpdateCheck = 0920;
				LastUpgradeCheck = 0920;
				ORGANIZATIONNAME = "Ryan Jasany";
				TargetAttributes = {
					ACDFCB66205ED14E00046390 = {
						CreatedOnToolsVersion = 9.2;
						ProvisioningStyle = Automatic;
					};
				};
			};
			buildConfigurationList = ACDFCB62205ED14E00046390 /* Build configuration list for PBXProject "GettingAttention" */;
			compatibilityVersion = "Xcode 8.0";
			developmentRegion = en;
			hasScannedForEncodings = 0;
			knownRegions = (
				en,
				Base,
			);
			mainGroup = ACDFCB5E205ED14E00046390;
			productRefGroup = ACDFCB68205ED14E00046390 /* Products */;
			projectDirPath = "";
			projectRoot = "";
			targets = (
				ACDFCB66205ED14E00046390 /* GettingAttention */,
			);
		};
/* End PBXProject section */

/* Begin PBXResourcesBuildPhase section */
		ACDFCB65205ED14E00046390 /* Resources */ = {
			isa = PBXResourcesBuildPhase;
			buildActionMask = 2147483647;
			files = (
				ACDFCB80205ED19100046390 /* soundeffect.wav in Resources */,
				ACDFCB75205ED14E00046390 /* LaunchScreen.storyboard in Resources */,
				ACDFCB72205ED14E00046390 /* Assets.xcassets in Resources */,
				ACDFCB70205ED14E00046390 /* Main.storyboard in Resources */,
				ACDFCB7F205ED19100046390 /* alertsound.wav in Resources */,
			);
			runOnlyForDeploymentPostprocessing = 0;
		};
/* End PBXResourcesBuildPhase section */

/* Begin PBXSourcesBuildPhase section */
		ACDFCB63205ED14E00046390 /* Sources */ = {
			isa = PBXSourcesBuildPhase;
			buildActionMask = 2147483647;
			files = (
				ACDFCB6D205ED14E00046390 /* ViewController.swift in Sources */,
				ACDFCB6B205ED14E00046390 /* AppDelegate.swift in Sources */,
			);
			runOnlyForDeploymentPostprocessing = 0;
		};
/* End PBXSourcesBuildPhase section */

/* Begin PBXVariantGroup section */
		ACDFCB6E205ED14E00046390 /* Main.storyboard */ = {
			isa = PBXVariantGroup;
			children = (
				ACDFCB6F205ED14E00046390 /* Base */,
			);
			name = Main.storyboard;
			sourceTree = "<group>";
		};
		ACDFCB73205ED14E00046390 /* LaunchScreen.storyboard */ = {
			isa = PBXVariantGroup;
			children = (
				ACDFCB74205ED14E00046390 /* Base */,
			);
			name = LaunchScreen.storyboard;
			sourceTree = "<group>";
		};
/* End PBXVariantGroup section */

/* Begin XCBuildConfiguration section */
		ACDFCB77205ED14E00046390 /* Debug */ = {
			isa = XCBuildConfiguration;
			buildSettings = {
				ALWAYS_SEARCH_USER_PATHS = NO;
				CLANG_ANALYZER_NONNULL = YES;
				CLANG_ANALYZER_NUMBER_OBJECT_CONVERSION = YES_AGGRESSIVE;
				CLANG_CXX_LANGUAGE_STANDARD = "gnu++14";
				CLANG_CXX_LIBRARY = "libc++";
				CLANG_ENABLE_MODULES = YES;
				CLANG_ENABLE_OBJC_ARC = YES;
				CLANG_WARN_BLOCK_CAPTURE_AUTORELEASING = YES;
				CLANG_WARN_BOOL_CONVERSION = YES;
				CLANG_WARN_COMMA = YES;
				CLANG_WARN_CONSTANT_CONVERSION = YES;
				CLANG_WARN_DIRECT_OBJC_ISA_USAGE = YES_ERROR;
				CLANG_WARN_DOCUMENTATION_COMMENTS = YES;
				CLANG_WARN_EMPTY_BODY = YES;
				CLANG_WARN_ENUM_CONVERSION = YES;
				CLANG_WARN_INFINITE_RECURSION = YES;
				CLANG_WARN_INT_CONVERSION = YES;
				CLANG_WARN_NON_LITERAL_NULL_CONVERSION = YES;
				CLANG_WARN_OBJC_LITERAL_CONVERSION = YES;
				CLANG_WARN_OBJC_ROOT_CLASS = YES_ERROR;
				CLANG_WARN_RANGE_LOOP_ANALYSIS = YES;
				CLANG_WARN_STRICT_PROTOTYPES = YES;
				CLANG_WARN_SUSPICIOUS_MOVE = YES;
				CLANG_WARN_UNGUARDED_AVAILABILITY = YES_AGGRESSIVE;
				CLANG_WARN_UNREACHABLE_CODE = YES;
				CLANG_WARN__DUPLICATE_METHOD_MATCH = YES;
				CODE_SIGN_IDENTITY = "iPhone Developer";
				COPY_PHASE_STRIP = NO;
				DEBUG_INFORMATION_FORMAT = dwarf;
				ENABLE_STRICT_OBJC_MSGSEND = YES;
				ENABLE_TESTABILITY = YES;
				GCC_C_LANGUAGE_STANDARD = gnu11;
				GCC_DYNAMIC_NO_PIC = NO;
				GCC_NO_COMMON_BLOCKS = YES;
				GCC_OPTIMIZATION_LEVEL = 0;
				GCC_PREPROCESSOR_DEFINITIONS = (
					"DEBUG=1",
					"$(inherited)",
				);
				GCC_WARN_64_TO_32_BIT_CONVERSION = YES;
				GCC_WARN_ABOUT_RETURN_TYPE = YES_ERROR;
				GCC_WARN_UNDECLARED_SELECTOR = YES;
				GCC_WARN_UNINITIALIZED_AUTOS = YES_AGGRESSIVE;
				GCC_WARN_UNUSED_FUNCTION = YES;
				GCC_WARN_UNUSED_VARIABLE = YES;
				IPHONEOS_DEPLOYMENT_TARGET = 11.2;
				MTL_ENABLE_DEBUG_INFO = YES;
				ONLY_ACTIVE_ARCH = YES;
				SDKROOT = iphoneos;
				SWIFT_ACTIVE_COMPILATION_CONDITIONS = DEBUG;
				SWIFT_OPTIMIZATION_LEVEL = "-Onone";
			};
			name = Debug;
		};
		ACDFCB78205ED14E00046390 /* Release */ = {
			isa = XCBuildConfiguration;
			buildSettings = {
				ALWAYS_SEARCH_USER_PATHS = NO;
				CLANG_ANALYZER_NONNULL = YES;
				CLANG_ANALYZER_NUMBER_OBJECT_CONVERSION = YES_AGGRESSIVE;
				CLANG_CXX_LANGUAGE_STANDARD = "gnu++14";
				CLANG_CXX_LIBRARY = "libc++";
				CLANG_ENABLE_MODULES = YES;
				CLANG_ENABLE_OBJC_ARC = YES;
				CLANG_WARN_BLOCK_CAPTURE_AUTORELEASING = YES;
				CLANG_WARN_BOOL_CONVERSION = YES;
				CLANG_WARN_COMMA = YES;
				CLANG_WARN_CONSTANT_CONVERSION = YES;
				CLANG_WARN_DIRECT_OBJC_ISA_USAGE = YES_ERROR;
				CLANG_WARN_DOCUMENTATION_COMMENTS = YES;
				CLANG_WARN_EMPTY_BODY = YES;
				CLANG_WARN_ENUM_CONVERSION = YES;
				CLANG_WARN_INFINITE_RECURSION = YES;
				CLANG_WARN_INT_CONVERSION = YES;
				CLANG_WARN_NON_LITERAL_NULL_CONVERSION = YES;
				CLANG_WARN_OBJC_LITERAL_CONVERSION = YES;
				CLANG_WARN_OBJC_ROOT_CLASS = YES_ERROR;
				CLANG_WARN_RANGE_LOOP_ANALYSIS = YES;
				CLANG_WARN_STRICT_PROTOTYPES = YES;
				CLANG_WARN_SUSPICIOUS_MOVE = YES;
				CLANG_WARN_UNGUARDED_AVAILABILITY = YES_AGGRESSIVE;
				CLANG_WARN_UNREACHABLE_CODE = YES;
				CLANG_WARN__DUPLICATE_METHOD_MATCH = YES;
				CODE_SIGN_IDENTITY = "iPhone Developer";
				COPY_PHASE_STRIP = NO;
				DEBUG_INFORMATION_FORMAT = "dwarf-with-dsym";
				ENABLE_NS_ASSERTIONS = NO;
				ENABLE_STRICT_OBJC_MSGSEND = YES;
				GCC_C_LANGUAGE_STANDARD = gnu11;
				GCC_NO_COMMON_BLOCKS = YES;
				GCC_WARN_64_TO_32_BIT_CONVERSION = YES;
				GCC_WARN_ABOUT_RETURN_TYPE = YES_ERROR;
				GCC_WARN_UNDECLARED_SELECTOR = YES;
				GCC_WARN_UNINITIALIZED_AUTOS = YES_AGGRESSIVE;
				GCC_WARN_UNUSED_FUNCTION = YES;
				GCC_WARN_UNUSED_VARIABLE = YES;
				IPHONEOS_DEPLOYMENT_TARGET = 11.2;
				MTL_ENABLE_DEBUG_INFO = NO;
				SDKROOT = iphoneos;
				SWIFT_OPTIMIZATION_LEVEL = "-Owholemodule";
				VALIDATE_PRODUCT = YES;
			};
			name = Release;
		};
		ACDFCB7A205ED14E00046390 /* Debug */ = {
			isa = XCBuildConfiguration;
			buildSettings = {
				ASSETCATALOG_COMPILER_APPICON_NAME = AppIcon;
				CODE_SIGN_STYLE = Automatic;
				INFOPLIST_FILE = GettingAttention/Info.plist;
				LD_RUNPATH_SEARCH_PATHS = "$(inherited) @executable_path/Frameworks";
				PRODUCT_BUNDLE_IDENTIFIER = com.ryanjasany.GettingAttention;
				PRODUCT_NAME = "$(TARGET_NAME)";
				SWIFT_VERSION = 4.0;
				TARGETED_DEVICE_FAMILY = "1,2";
			};
			name = Debug;
		};
		ACDFCB7B205ED14E00046390 /* Release */ = {
			isa = XCBuildConfiguration;
			buildSettings = {
				ASSETCATALOG_COMPILER_APPICON_NAME = AppIcon;
				CODE_SIGN_STYLE = Automatic;
				INFOPLIST_FILE = GettingAttention/Info.plist;
				LD_RUNPATH_SEARCH_PATHS = "$(inherited) @executable_path/Frameworks";
				PRODUCT_BUNDLE_IDENTIFIER = com.ryanjasany.GettingAttention;
				PRODUCT_NAME = "$(TARGET_NAME)";
				SWIFT_VERSION = 4.0;
				TARGETED_DEVICE_FAMILY = "1,2";
			};
			name = Release;
		};
/* End XCBuildConfiguration section */

/* Begin XCConfigurationList section */
		ACDFCB62205ED14E00046390 /* Build configuration list for PBXProject "GettingAttention" */ = {
			isa = XCConfigurationList;
			buildConfigurations = (
				ACDFCB77205ED14E00046390 /* Debug */,
				ACDFCB78205ED14E00046390 /* Release */,
			);
			defaultConfigurationIsVisible = 0;
			defaultConfigurationName = Release;
		};
		ACDFCB79205ED14E00046390 /* Build configuration list for PBXNativeTarget "GettingAttention" */ = {
			isa = XCConfigurationList;
			buildConfigurations = (
				ACDFCB7A205ED14E00046390 /* Debug */,
				ACDFCB7B205ED14E00046390 /* Release */,
			);
			defaultConfigurationIsVisible = 0;
			defaultConfigurationName = Release;
		};
/* End XCConfigurationList section */
	};
	rootObject = ACDFCB5F205ED14E00046390 /* Project object */;
}
