// !$*UTF8*$!
{
	archiveVersion = 1;
	classes = {
	};
	objectVersion = 50;
	objects = {

/* Begin PBXBuildFile section */
		AC5C08C8207C19510068BBCE /* AppDelegate.swift in Sources */ = {isa = PBXBuildFile; fileRef = AC5C08C7207C19510068BBCE /* AppDelegate.swift */; };
		AC5C08CD207C19510068BBCE /* Main.storyboard in Resources */ = {isa = PBXBuildFile; fileRef = AC5C08CB207C19510068BBCE /* Main.storyboard */; };
		AC5C08CF207C19520068BBCE /* Assets.xcassets in Resources */ = {isa = PBXBuildFile; fileRef = AC5C08CE207C19520068BBCE /* Assets.xcassets */; };
		AC5C08D2207C19520068BBCE /* LaunchScreen.storyboard in Resources */ = {isa = PBXBuildFile; fileRef = AC5C08D0207C19520068BBCE /* LaunchScreen.storyboard */; };
		AC5C08DA207C19F40068BBCE /* CountingNavigationControllerViewController.swift in Sources */ = {isa = PBXBuildFile; fileRef = AC5C08D9207C19F40068BBCE /* CountingNavigationControllerViewController.swift */; };
		AC5C08DC207C1A240068BBCE /* GenericViewController.swift in Sources */ = {isa = PBXBuildFile; fileRef = AC5C08DB207C1A240068BBCE /* GenericViewController.swift */; };
/* End PBXBuildFile section */

/* Begin PBXFileReference section */
		AC5C08C4207C19510068BBCE /* LetsNavigate.app */ = {isa = PBXFileReference; explicitFileType = wrapper.application; includeInIndex = 0; path = LetsNavigate.app; sourceTree = BUILT_PRODUCTS_DIR; };
		AC5C08C7207C19510068BBCE /* AppDelegate.swift */ = {isa = PBXFileReference; lastKnownFileType = sourcecode.swift; path = AppDelegate.swift; sourceTree = "<group>"; };
		AC5C08CC207C19510068BBCE /* Base */ = {isa = PBXFileReference; lastKnownFileType = file.storyboard; name = Base; path = Base.lproj/Main.storyboard; sourceTree = "<group>"; };
		AC5C08CE207C19520068BBCE /* Assets.xcassets */ = {isa = PBXFileReference; lastKnownFileType = folder.assetcatalog; path = Assets.xcassets; sourceTree = "<group>"; };
		AC5C08D1207C19520068BBCE /* Base */ = {isa = PBXFileReference; lastKnownFileType = file.storyboard; name = Base; path = Base.lproj/LaunchScreen.storyboard; sourceTree = "<group>"; };
		AC5C08D3207C19520068BBCE /* Info.plist */ = {isa = PBXFileReference; lastKnownFileType = text.plist.xml; path = Info.plist; sourceTree = "<group>"; };
		AC5C08D9207C19F40068BBCE /* CountingNavigationControllerViewController.swift */ = {isa = PBXFileReference; lastKnownFileType = sourcecode.swift; path = CountingNavigationControllerViewController.swift; sourceTree = "<group>"; };
		AC5C08DB207C1A240068BBCE /* GenericViewController.swift */ = {isa = PBXFileReference; lastKnownFileType = sourcecode.swift; path = GenericViewController.swift; sourceTree = "<group>"; };
/* End PBXFileReference section */

/* Begin PBXFrameworksBuildPhase section */
		AC5C08C1207C19510068BBCE /* Frameworks */ = {
			isa = PBXFrameworksBuildPhase;
			buildActionMask = 2147483647;
			files = (
			);
			runOnlyForDeploymentPostprocessing = 0;
		};
/* End PBXFrameworksBuildPhase section */

/* Begin PBXGroup section */
		AC5C08BB207C19510068BBCE = {
			isa = PBXGroup;
			children = (
				AC5C08C6207C19510068BBCE /* LetsNavigate */,
				AC5C08C5207C19510068BBCE /* Products */,
			);
			sourceTree = "<group>";
		};
		AC5C08C5207C19510068BBCE /* Products */ = {
			isa = PBXGroup;
			children = (
				AC5C08C4207C19510068BBCE /* LetsNavigate.app */,
			);
			name = Products;
			sourceTree = "<group>";
		};
		AC5C08C6207C19510068BBCE /* LetsNavigate */ = {
			isa = PBXGroup;
			children = (
				AC5C08C7207C19510068BBCE /* AppDelegate.swift */,
				AC5C08CB207C19510068BBCE /* Main.storyboard */,
				AC5C08DB207C1A240068BBCE /* GenericViewController.swift */,
				AC5C08D9207C19F40068BBCE /* CountingNavigationControllerViewController.swift */,
				AC5C08CE207C19520068BBCE /* Assets.xcassets */,
				AC5C08D0207C19520068BBCE /* LaunchScreen.storyboard */,
				AC5C08D3207C19520068BBCE /* Info.plist */,
			);
			path = LetsNavigate;
			sourceTree = "<group>";
		};
/* End PBXGroup section */

/* Begin PBXNativeTarget section */
		AC5C08C3207C19510068BBCE /* LetsNavigate */ = {
			isa = PBXNativeTarget;
			buildConfigurationList = AC5C08D6207C19520068BBCE /* Build configuration list for PBXNativeTarget "LetsNavigate" */;
			buildPhases = (
				AC5C08C0207C19510068BBCE /* Sources */,
				AC5C08C1207C19510068BBCE /* Frameworks */,
				AC5C08C2207C19510068BBCE /* Resources */,
			);
			buildRules = (
			);
			dependencies = (
			);
			name = LetsNavigate;
			productName = LetsNavigate;
			productReference = AC5C08C4207C19510068BBCE /* LetsNavigate.app */;
			productType = "com.apple.product-type.application";
		};
/* End PBXNativeTarget section */

/* Begin PBXProject section */
		AC5C08BC207C19510068BBCE /* Project object */ = {
			isa = PBXProject;
			attributes = {
				LastSwiftUpdateCheck = 0930;
				LastUpgradeCheck = 0930;
				ORGANIZATIONNAME = "Ryan Jasany";
				TargetAttributes = {
					AC5C08C3207C19510068BBCE = {
						CreatedOnToolsVersion = 9.3;
					};
				};
			};
			buildConfigurationList = AC5C08BF207C19510068BBCE /* Build configuration list for PBXProject "LetsNavigate" */;
			compatibilityVersion = "Xcode 9.3";
			developmentRegion = en;
			hasScannedForEncodings = 0;
			knownRegions = (
				en,
				Base,
			);
			mainGroup = AC5C08BB207C19510068BBCE;
			productRefGroup = AC5C08C5207C19510068BBCE /* Products */;
			projectDirPath = "";
			projectRoot = "";
			targets = (
				AC5C08C3207C19510068BBCE /* LetsNavigate */,
			);
		};
/* End PBXProject section */

/* Begin PBXResourcesBuildPhase section */
		AC5C08C2207C19510068BBCE /* Resources */ = {
			isa = PBXResourcesBuildPhase;
			buildActionMask = 2147483647;
			files = (
				AC5C08D2207C19520068BBCE /* LaunchScreen.storyboard in Resources */,
				AC5C08CF207C19520068BBCE /* Assets.xcassets in Resources */,
				AC5C08CD207C19510068BBCE /* Main.storyboard in Resources */,
			);
			runOnlyForDeploymentPostprocessing = 0;
		};
/* End PBXResourcesBuildPhase section */

/* Begin PBXSourcesBuildPhase section */
		AC5C08C0207C19510068BBCE /* Sources */ = {
			isa = PBXSourcesBuildPhase;
			buildActionMask = 2147483647;
			files = (
				AC5C08DC207C1A240068BBCE /* GenericViewController.swift in Sources */,
				AC5C08C8207C19510068BBCE /* AppDelegate.swift in Sources */,
				AC5C08DA207C19F40068BBCE /* CountingNavigationControllerViewController.swift in Sources */,
			);
			runOnlyForDeploymentPostprocessing = 0;
		};
/* End PBXSourcesBuildPhase section */

/* Begin PBXVariantGroup section */
		AC5C08CB207C19510068BBCE /* Main.storyboard */ = {
			isa = PBXVariantGroup;
			children = (
				AC5C08CC207C19510068BBCE /* Base */,
			);
			name = Main.storyboard;
			sourceTree = "<group>";
		};
		AC5C08D0207C19520068BBCE /* LaunchScreen.storyboard */ = {
			isa = PBXVariantGroup;
			children = (
				AC5C08D1207C19520068BBCE /* Base */,
			);
			name = LaunchScreen.storyboard;
			sourceTree = "<group>";
		};
/* End PBXVariantGroup section */

/* Begin XCBuildConfiguration section */
		AC5C08D4207C19520068BBCE /* Debug */ = {
			isa = XCBuildConfiguration;
			buildSettings = {
				ALWAYS_SEARCH_USER_PATHS = NO;
				CLANG_ANALYZER_NONNULL = YES;
				CLANG_ANALYZER_NUMBER_OBJECT_CONVERSION = YES_AGGRESSIVE;
				CLANG_CXX_LANGUAGE_STANDARD = "gnu++14";
				CLANG_CXX_LIBRARY = "libc++";
				CLANG_ENABLE_MODULES = YES;
				CLANG_ENABLE_OBJC_ARC = YES;
				CLANG_ENABLE_OBJC_WEAK = YES;
				CLANG_WARN_BLOCK_CAPTURE_AUTORELEASING = YES;
				CLANG_WARN_BOOL_CONVERSION = YES;
				CLANG_WARN_COMMA = YES;
				CLANG_WARN_CONSTANT_CONVERSION = YES;
				CLANG_WARN_DEPRECATED_OBJC_IMPLEMENTATIONS = YES;
				CLANG_WARN_DIRECT_OBJC_ISA_USAGE = YES_ERROR;
				CLANG_WARN_DOCUMENTATION_COMMENTS = YES;
				CLANG_WARN_EMPTY_BODY = YES;
				CLANG_WARN_ENUM_CONVERSION = YES;
				CLANG_WARN_INFINITE_RECURSION = YES;
				CLANG_WARN_INT_CONVERSION = YES;
				CLANG_WARN_NON_LITERAL_NULL_CONVERSION = YES;
				CLANG_WARN_OBJC_IMPLICIT_RETAIN_SELF = YES;
				CLANG_WARN_OBJC_LITERAL_CONVERSION = YES;
				CLANG_WARN_OBJC_ROOT_CLASS = YES_ERROR;
				CLANG_WARN_RANGE_LOOP_ANALYSIS = YES;
				CLANG_WARN_STRICT_PROTOTYPES = YES;
				CLANG_WARN_SUSPICIOUS_MOVE = YES;
				CLANG_WARN_UNGUARDED_AVAILABILITY = YES_AGGRESSIVE;
				CLANG_WARN_UNREACHABLE_CODE = YES;
				CLANG_WARN__DUPLICATE_METHOD_MATCH = YES;
				CODE_SIGN_IDENTITY = "iPhone Developer";
				COPY_PHASE_STRIP = NO;
				DEBUG_INFORMATION_FORMAT = dwarf;
				ENABLE_STRICT_OBJC_MSGSEND = YES;
				ENABLE_TESTABILITY = YES;
				GCC_C_LANGUAGE_STANDARD = gnu11;
				GCC_DYNAMIC_NO_PIC = NO;
				GCC_NO_COMMON_BLOCKS = YES;
				GCC_OPTIMIZATION_LEVEL = 0;
				GCC_PREPROCESSOR_DEFINITIONS = (
					"DEBUG=1",
					"$(inherited)",
				);
				GCC_WARN_64_TO_32_BIT_CONVERSION = YES;
				GCC_WARN_ABOUT_RETURN_TYPE = YES_ERROR;
				GCC_WARN_UNDECLARED_SELECTOR = YES;
				GCC_WARN_UNINITIALIZED_AUTOS = YES_AGGRESSIVE;
				GCC_WARN_UNUSED_FUNCTION = YES;
				GCC_WARN_UNUSED_VARIABLE = YES;
				IPHONEOS_DEPLOYMENT_TARGET = 11.3;
				MTL_ENABLE_DEBUG_INFO = YES;
				ONLY_ACTIVE_ARCH = YES;
				SDKROOT = iphoneos;
				SWIFT_ACTIVE_COMPILATION_CONDITIONS = DEBUG;
				SWIFT_OPTIMIZATION_LEVEL = "-Onone";
			};
			name = Debug;
		};
		AC5C08D5207C19520068BBCE /* Release */ = {
			isa = XCBuildConfiguration;
			buildSettings = {
				ALWAYS_SEARCH_USER_PATHS = NO;
				CLANG_ANALYZER_NONNULL = YES;
				CLANG_ANALYZER_NUMBER_OBJECT_CONVERSION = YES_AGGRESSIVE;
				CLANG_CXX_LANGUAGE_STANDARD = "gnu++14";
				CLANG_CXX_LIBRARY = "libc++";
				CLANG_ENABLE_MODULES = YES;
				CLANG_ENABLE_OBJC_ARC = YES;
				CLANG_ENABLE_OBJC_WEAK = YES;
				CLANG_WARN_BLOCK_CAPTURE_AUTORELEASING = YES;
				CLANG_WARN_BOOL_CONVERSION = YES;
				CLANG_WARN_COMMA = YES;
				CLANG_WARN_CONSTANT_CONVERSION = YES;
				CLANG_WARN_DEPRECATED_OBJC_IMPLEMENTATIONS = YES;
				CLANG_WARN_DIRECT_OBJC_ISA_USAGE = YES_ERROR;
				CLANG_WARN_DOCUMENTATION_COMMENTS = YES;
				CLANG_WARN_EMPTY_BODY = YES;
				CLANG_WARN_ENUM_CONVERSION = YES;
				CLANG_WARN_INFINITE_RECURSION = YES;
				CLANG_WARN_INT_CONVERSION = YES;
				CLANG_WARN_NON_LITERAL_NULL_CONVERSION = YES;
				CLANG_WARN_OBJC_IMPLICIT_RETAIN_SELF = YES;
				CLANG_WARN_OBJC_LITERAL_CONVERSION = YES;
				CLANG_WARN_OBJC_ROOT_CLASS = YES_ERROR;
				CLANG_WARN_RANGE_LOOP_ANALYSIS = YES;
				CLANG_WARN_STRICT_PROTOTYPES = YES;
				CLANG_WARN_SUSPICIOUS_MOVE = YES;
				CLANG_WARN_UNGUARDED_AVAILABILITY = YES_AGGRESSIVE;
				CLANG_WARN_UNREACHABLE_CODE = YES;
				CLANG_WARN__DUPLICATE_METHOD_MATCH = YES;
				CODE_SIGN_IDENTITY = "iPhone Developer";
				COPY_PHASE_STRIP = NO;
				DEBUG_INFORMATION_FORMAT = "dwarf-with-dsym";
				ENABLE_NS_ASSERTIONS = NO;
				ENABLE_STRICT_OBJC_MSGSEND = YES;
				GCC_C_LANGUAGE_STANDARD = gnu11;
				GCC_NO_COMMON_BLOCKS = YES;
				GCC_WARN_64_TO_32_BIT_CONVERSION = YES;
				GCC_WARN_ABOUT_RETURN_TYPE = YES_ERROR;
				GCC_WARN_UNDECLARED_SELECTOR = YES;
				GCC_WARN_UNINITIALIZED_AUTOS = YES_AGGRESSIVE;
				GCC_WARN_UNUSED_FUNCTION = YES;
				GCC_WARN_UNUSED_VARIABLE = YES;
				IPHONEOS_DEPLOYMENT_TARGET = 11.3;
				MTL_ENABLE_DEBUG_INFO = NO;
				SDKROOT = iphoneos;
				SWIFT_COMPILATION_MODE = wholemodule;
				SWIFT_OPTIMIZATION_LEVEL = "-O";
				VALIDATE_PRODUCT = YES;
			};
			name = Release;
		};
		AC5C08D7207C19520068BBCE /* Debug */ = {
			isa = XCBuildConfiguration;
			buildSettings = {
				ASSETCATALOG_COMPILER_APPICON_NAME = AppIcon;
				CODE_SIGN_STYLE = Automatic;
				INFOPLIST_FILE = LetsNavigate/Info.plist;
				LD_RUNPATH_SEARCH_PATHS = (
					"$(inherited)",
					"@executable_path/Frameworks",
				);
				PRODUCT_BUNDLE_IDENTIFIER = com.ryanjasany.LetsNavigate;
				PRODUCT_NAME = "$(TARGET_NAME)";
				SWIFT_VERSION = 4.0;
				TARGETED_DEVICE_FAMILY = "1,2";
			};
			name = Debug;
		};
		AC5C08D8207C19520068BBCE /* Release */ = {
			isa = XCBuildConfiguration;
			buildSettings = {
				ASSETCATALOG_COMPILER_APPICON_NAME = AppIcon;
				CODE_SIGN_STYLE = Automatic;
				INFOPLIST_FILE = LetsNavigate/Info.plist;
				LD_RUNPATH_SEARCH_PATHS = (
					"$(inherited)",
					"@executable_path/Frameworks",
				);
				PRODUCT_BUNDLE_IDENTIFIER = com.ryanjasany.LetsNavigate;
				PRODUCT_NAME = "$(TARGET_NAME)";
				SWIFT_VERSION = 4.0;
				TARGETED_DEVICE_FAMILY = "1,2";
			};
			name = Release;
		};
/* End XCBuildConfiguration section */

/* Begin XCConfigurationList section */
		AC5C08BF207C19510068BBCE /* Build configuration list for PBXProject "LetsNavigate" */ = {
			isa = XCConfigurationList;
			buildConfigurations = (
				AC5C08D4207C19520068BBCE /* Debug */,
				AC5C08D5207C19520068BBCE /* Release */,
			);
			defaultConfigurationIsVisible = 0;
			defaultConfigurationName = Release;
		};
		AC5C08D6207C19520068BBCE /* Build configuration list for PBXNativeTarget "LetsNavigate" */ = {
			isa = XCConfigurationList;
			buildConfigurations = (
				AC5C08D7207C19520068BBCE /* Debug */,
				AC5C08D8207C19520068BBCE /* Release */,
			);
			defaultConfigurationIsVisible = 0;
			defaultConfigurationName = Release;
		};
/* End XCConfigurationList section */
	};
	rootObject = AC5C08BC207C19510068BBCE /* Project object */;
}
