// !$*UTF8*$!
{
	archiveVersion = 1;
	classes = {
	};
	objectVersion = 48;
	objects = {

/* Begin PBXBuildFile section */
		AC463F572072F6A70096C800 /* AppDelegate.swift in Sources */ = {isa = PBXBuildFile; fileRef = AC463F562072F6A70096C800 /* AppDelegate.swift */; };
		AC463F592072F6A70096C800 /* ViewController.swift in Sources */ = {isa = PBXBuildFile; fileRef = AC463F582072F6A70096C800 /* ViewController.swift */; };
		AC463F5C2072F6A70096C800 /* Main.storyboard in Resources */ = {isa = PBXBuildFile; fileRef = AC463F5A2072F6A70096C800 /* Main.storyboard */; };
		AC463F5E2072F6A70096C800 /* Assets.xcassets in Resources */ = {isa = PBXBuildFile; fileRef = AC463F5D2072F6A70096C800 /* Assets.xcassets */; };
		AC463F612072F6A70096C800 /* LaunchScreen.storyboard in Resources */ = {isa = PBXBuildFile; fileRef = AC463F5F2072F6A70096C800 /* LaunchScreen.storyboard */; };
		AC463F692072F7360096C800 /* DateChooserViewController.swift in Sources */ = {isa = PBXBuildFile; fileRef = AC463F682072F7360096C800 /* DateChooserViewController.swift */; };
/* End PBXBuildFile section */

/* Begin PBXFileReference section */
		AC463F532072F6A70096C800 /* DateCalc.app */ = {isa = PBXFileReference; explicitFileType = wrapper.application; includeInIndex = 0; path = DateCalc.app; sourceTree = BUILT_PRODUCTS_DIR; };
		AC463F562072F6A70096C800 /* AppDelegate.swift */ = {isa = PBXFileReference; lastKnownFileType = sourcecode.swift; path = AppDelegate.swift; sourceTree = "<group>"; };
		AC463F582072F6A70096C800 /* ViewController.swift */ = {isa = PBXFileReference; lastKnownFileType = sourcecode.swift; path = ViewController.swift; sourceTree = "<group>"; };
		AC463F5B2072F6A70096C800 /* Base */ = {isa = PBXFileReference; lastKnownFileType = file.storyboard; name = Base; path = Base.lproj/Main.storyboard; sourceTree = "<group>"; };
		AC463F5D2072F6A70096C800 /* Assets.xcassets */ = {isa = PBXFileReference; lastKnownFileType = folder.assetcatalog; path = Assets.xcassets; sourceTree = "<group>"; };
		AC463F602072F6A70096C800 /* Base */ = {isa = PBXFileReference; lastKnownFileType = file.storyboard; name = Base; path = Base.lproj/LaunchScreen.storyboard; sourceTree = "<group>"; };
		AC463F622072F6A70096C800 /* Info.plist */ = {isa = PBXFileReference; lastKnownFileType = text.plist.xml; path = Info.plist; sourceTree = "<group>"; };
		AC463F682072F7360096C800 /* DateChooserViewController.swift */ = {isa = PBXFileReference; lastKnownFileType = sourcecode.swift; path = DateChooserViewController.swift; sourceTree = "<group>"; };
/* End PBXFileReference section */

/* Begin PBXFrameworksBuildPhase section */
		AC463F502072F6A70096C800 /* Frameworks */ = {
			isa = PBXFrameworksBuildPhase;
			buildActionMask = 2147483647;
			files = (
			);
			runOnlyForDeploymentPostprocessing = 0;
		};
/* End PBXFrameworksBuildPhase section */

/* Begin PBXGroup section */
		AC463F4A2072F6A70096C800 = {
			isa = PBXGroup;
			children = (
				AC463F552072F6A70096C800 /* DateCalc */,
				AC463F542072F6A70096C800 /* Products */,
			);
			sourceTree = "<group>";
		};
		AC463F542072F6A70096C800 /* Products */ = {
			isa = PBXGroup;
			children = (
				AC463F532072F6A70096C800 /* DateCalc.app */,
			);
			name = Products;
			sourceTree = "<group>";
		};
		AC463F552072F6A70096C800 /* DateCalc */ = {
			isa = PBXGroup;
			children = (
				AC463F562072F6A70096C800 /* AppDelegate.swift */,
				AC463F682072F7360096C800 /* DateChooserViewController.swift */,
				AC463F582072F6A70096C800 /* ViewController.swift */,
				AC463F5A2072F6A70096C800 /* Main.storyboard */,
				AC463F5D2072F6A70096C800 /* Assets.xcassets */,
				AC463F5F2072F6A70096C800 /* LaunchScreen.storyboard */,
				AC463F622072F6A70096C800 /* Info.plist */,
			);
			path = DateCalc;
			sourceTree = "<group>";
		};
/* End PBXGroup section */

/* Begin PBXNativeTarget section */
		AC463F522072F6A70096C800 /* DateCalc */ = {
			isa = PBXNativeTarget;
			buildConfigurationList = AC463F652072F6A70096C800 /* Build configuration list for PBXNativeTarget "DateCalc" */;
			buildPhases = (
				AC463F4F2072F6A70096C800 /* Sources */,
				AC463F502072F6A70096C800 /* Frameworks */,
				AC463F512072F6A70096C800 /* Resources */,
			);
			buildRules = (
			);
			dependencies = (
			);
			name = DateCalc;
			productName = DateCalc;
			productReference = AC463F532072F6A70096C800 /* DateCalc.app */;
			productType = "com.apple.product-type.application";
		};
/* End PBXNativeTarget section */

/* Begin PBXProject section */
		AC463F4B2072F6A70096C800 /* Project object */ = {
			isa = PBXProject;
			attributes = {
				LastSwiftUpdateCheck = 0920;
				LastUpgradeCheck = 0920;
				ORGANIZATIONNAME = "Ryan Jasany";
				TargetAttributes = {
					AC463F522072F6A70096C800 = {
						CreatedOnToolsVersion = 9.2;
						ProvisioningStyle = Automatic;
					};
				};
			};
			buildConfigurationList = AC463F4E2072F6A70096C800 /* Build configuration list for PBXProject "DateCalc" */;
			compatibilityVersion = "Xcode 8.0";
			developmentRegion = en;
			hasScannedForEncodings = 0;
			knownRegions = (
				en,
				Base,
			);
			mainGroup = AC463F4A2072F6A70096C800;
			productRefGroup = AC463F542072F6A70096C800 /* Products */;
			projectDirPath = "";
			projectRoot = "";
			targets = (
				AC463F522072F6A70096C800 /* DateCalc */,
			);
		};
/* End PBXProject section */

/* Begin PBXResourcesBuildPhase section */
		AC463F512072F6A70096C800 /* Resources */ = {
			isa = PBXResourcesBuildPhase;
			buildActionMask = 2147483647;
			files = (
				AC463F612072F6A70096C800 /* LaunchScreen.storyboard in Resources */,
				AC463F5E2072F6A70096C800 /* Assets.xcassets in Resources */,
				AC463F5C2072F6A70096C800 /* Main.storyboard in Resources */,
			);
			runOnlyForDeploymentPostprocessing = 0;
		};
/* End PBXResourcesBuildPhase section */

/* Begin PBXSourcesBuildPhase section */
		AC463F4F2072F6A70096C800 /* Sources */ = {
			isa = PBXSourcesBuildPhase;
			buildActionMask = 2147483647;
			files = (
				AC463F592072F6A70096C800 /* ViewController.swift in Sources */,
				AC463F572072F6A70096C800 /* AppDelegate.swift in Sources */,
				AC463F692072F7360096C800 /* DateChooserViewController.swift in Sources */,
			);
			runOnlyForDeploymentPostprocessing = 0;
		};
/* End PBXSourcesBuildPhase section */

/* Begin PBXVariantGroup section */
		AC463F5A2072F6A70096C800 /* Main.storyboard */ = {
			isa = PBXVariantGroup;
			children = (
				AC463F5B2072F6A70096C800 /* Base */,
			);
			name = Main.storyboard;
			sourceTree = "<group>";
		};
		AC463F5F2072F6A70096C800 /* LaunchScreen.storyboard */ = {
			isa = PBXVariantGroup;
			children = (
				AC463F602072F6A70096C800 /* Base */,
			);
			name = LaunchScreen.storyboard;
			sourceTree = "<group>";
		};
/* End PBXVariantGroup section */

/* Begin XCBuildConfiguration section */
		AC463F632072F6A70096C800 /* Debug */ = {
			isa = XCBuildConfiguration;
			buildSettings = {
				ALWAYS_SEARCH_USER_PATHS = NO;
				CLANG_ANALYZER_NONNULL = YES;
				CLANG_ANALYZER_NUMBER_OBJECT_CONVERSION = YES_AGGRESSIVE;
				CLANG_CXX_LANGUAGE_STANDARD = "gnu++14";
				CLANG_CXX_LIBRARY = "libc++";
				CLANG_ENABLE_MODULES = YES;
				CLANG_ENABLE_OBJC_ARC = YES;
				CLANG_WARN_BLOCK_CAPTURE_AUTORELEASING = YES;
				CLANG_WARN_BOOL_CONVERSION = YES;
				CLANG_WARN_COMMA = YES;
				CLANG_WARN_CONSTANT_CONVERSION = YES;
				CLANG_WARN_DIRECT_OBJC_ISA_USAGE = YES_ERROR;
				CLANG_WARN_DOCUMENTATION_COMMENTS = YES;
				CLANG_WARN_EMPTY_BODY = YES;
				CLANG_WARN_ENUM_CONVERSION = YES;
				CLANG_WARN_INFINITE_RECURSION = YES;
				CLANG_WARN_INT_CONVERSION = YES;
				CLANG_WARN_NON_LITERAL_NULL_CONVERSION = YES;
				CLANG_WARN_OBJC_LITERAL_CONVERSION = YES;
				CLANG_WARN_OBJC_ROOT_CLASS = YES_ERROR;
				CLANG_WARN_RANGE_LOOP_ANALYSIS = YES;
				CLANG_WARN_STRICT_PROTOTYPES = YES;
				CLANG_WARN_SUSPICIOUS_MOVE = YES;
				CLANG_WARN_UNGUARDED_AVAILABILITY = YES_AGGRESSIVE;
				CLANG_WARN_UNREACHABLE_CODE = YES;
				CLANG_WARN__DUPLICATE_METHOD_MATCH = YES;
				CODE_SIGN_IDENTITY = "iPhone Developer";
				COPY_PHASE_STRIP = NO;
				DEBUG_INFORMATION_FORMAT = dwarf;
				ENABLE_STRICT_OBJC_MSGSEND = YES;
				ENABLE_TESTABILITY = YES;
				GCC_C_LANGUAGE_STANDARD = gnu11;
				GCC_DYNAMIC_NO_PIC = NO;
				GCC_NO_COMMON_BLOCKS = YES;
				GCC_OPTIMIZATION_LEVEL = 0;
				GCC_PREPROCESSOR_DEFINITIONS = (
					"DEBUG=1",
					"$(inherited)",
				);
				GCC_WARN_64_TO_32_BIT_CONVERSION = YES;
				GCC_WARN_ABOUT_RETURN_TYPE = YES_ERROR;
				GCC_WARN_UNDECLARED_SELECTOR = YES;
				GCC_WARN_UNINITIALIZED_AUTOS = YES_AGGRESSIVE;
				GCC_WARN_UNUSED_FUNCTION = YES;
				GCC_WARN_UNUSED_VARIABLE = YES;
				IPHONEOS_DEPLOYMENT_TARGET = 11.2;
				MTL_ENABLE_DEBUG_INFO = YES;
				ONLY_ACTIVE_ARCH = YES;
				SDKROOT = iphoneos;
				SWIFT_ACTIVE_COMPILATION_CONDITIONS = DEBUG;
				SWIFT_OPTIMIZATION_LEVEL = "-Onone";
			};
			name = Debug;
		};
		AC463F642072F6A70096C800 /* Release */ = {
			isa = XCBuildConfiguration;
			buildSettings = {
				ALWAYS_SEARCH_USER_PATHS = NO;
				CLANG_ANALYZER_NONNULL = YES;
				CLANG_ANALYZER_NUMBER_OBJECT_CONVERSION = YES_AGGRESSIVE;
				CLANG_CXX_LANGUAGE_STANDARD = "gnu++14";
				CLANG_CXX_LIBRARY = "libc++";
				CLANG_ENABLE_MODULES = YES;
				CLANG_ENABLE_OBJC_ARC = YES;
				CLANG_WARN_BLOCK_CAPTURE_AUTORELEASING = YES;
				CLANG_WARN_BOOL_CONVERSION = YES;
				CLANG_WARN_COMMA = YES;
				CLANG_WARN_CONSTANT_CONVERSION = YES;
				CLANG_WARN_DIRECT_OBJC_ISA_USAGE = YES_ERROR;
				CLANG_WARN_DOCUMENTATION_COMMENTS = YES;
				CLANG_WARN_EMPTY_BODY = YES;
				CLANG_WARN_ENUM_CONVERSION = YES;
				CLANG_WARN_INFINITE_RECURSION = YES;
				CLANG_WARN_INT_CONVERSION = YES;
				CLANG_WARN_NON_LITERAL_NULL_CONVERSION = YES;
				CLANG_WARN_OBJC_LITERAL_CONVERSION = YES;
				CLANG_WARN_OBJC_ROOT_CLASS = YES_ERROR;
				CLANG_WARN_RANGE_LOOP_ANALYSIS = YES;
				CLANG_WARN_STRICT_PROTOTYPES = YES;
				CLANG_WARN_SUSPICIOUS_MOVE = YES;
				CLANG_WARN_UNGUARDED_AVAILABILITY = YES_AGGRESSIVE;
				CLANG_WARN_UNREACHABLE_CODE = YES;
				CLANG_WARN__DUPLICATE_METHOD_MATCH = YES;
				CODE_SIGN_IDENTITY = "iPhone Developer";
				COPY_PHASE_STRIP = NO;
				DEBUG_INFORMATION_FORMAT = "dwarf-with-dsym";
				ENABLE_NS_ASSERTIONS = NO;
				ENABLE_STRICT_OBJC_MSGSEND = YES;
				GCC_C_LANGUAGE_STANDARD = gnu11;
				GCC_NO_COMMON_BLOCKS = YES;
				GCC_WARN_64_TO_32_BIT_CONVERSION = YES;
				GCC_WARN_ABOUT_RETURN_TYPE = YES_ERROR;
				GCC_WARN_UNDECLARED_SELECTOR = YES;
				GCC_WARN_UNINITIALIZED_AUTOS = YES_AGGRESSIVE;
				GCC_WARN_UNUSED_FUNCTION = YES;
				GCC_WARN_UNUSED_VARIABLE = YES;
				IPHONEOS_DEPLOYMENT_TARGET = 11.2;
				MTL_ENABLE_DEBUG_INFO = NO;
				SDKROOT = iphoneos;
				SWIFT_OPTIMIZATION_LEVEL = "-Owholemodule";
				VALIDATE_PRODUCT = YES;
			};
			name = Release;
		};
		AC463F662072F6A70096C800 /* Debug */ = {
			isa = XCBuildConfiguration;
			buildSettings = {
				ASSETCATALOG_COMPILER_APPICON_NAME = AppIcon;
				CODE_SIGN_STYLE = Automatic;
				INFOPLIST_FILE = DateCalc/Info.plist;
				LD_RUNPATH_SEARCH_PATHS = "$(inherited) @executable_path/Frameworks";
				PRODUCT_BUNDLE_IDENTIFIER = com.ryanjasany.DateCalc;
				PRODUCT_NAME = "$(TARGET_NAME)";
				SWIFT_VERSION = 4.0;
				TARGETED_DEVICE_FAMILY = "1,2";
			};
			name = Debug;
		};
		AC463F672072F6A70096C800 /* Release */ = {
			isa = XCBuildConfiguration;
			buildSettings = {
				ASSETCATALOG_COMPILER_APPICON_NAME = AppIcon;
				CODE_SIGN_STYLE = Automatic;
				INFOPLIST_FILE = DateCalc/Info.plist;
				LD_RUNPATH_SEARCH_PATHS = "$(inherited) @executable_path/Frameworks";
				PRODUCT_BUNDLE_IDENTIFIER = com.ryanjasany.DateCalc;
				PRODUCT_NAME = "$(TARGET_NAME)";
				SWIFT_VERSION = 4.0;
				TARGETED_DEVICE_FAMILY = "1,2";
			};
			name = Release;
		};
/* End XCBuildConfiguration section */

/* Begin XCConfigurationList section */
		AC463F4E2072F6A70096C800 /* Build configuration list for PBXProject "DateCalc" */ = {
			isa = XCConfigurationList;
			buildConfigurations = (
				AC463F632072F6A70096C800 /* Debug */,
				AC463F642072F6A70096C800 /* Release */,
			);
			defaultConfigurationIsVisible = 0;
			defaultConfigurationName = Release;
		};
		AC463F652072F6A70096C800 /* Build configuration list for PBXNativeTarget "DateCalc" */ = {
			isa = XCConfigurationList;
			buildConfigurations = (
				AC463F662072F6A70096C800 /* Debug */,
				AC463F672072F6A70096C800 /* Release */,
			);
			defaultConfigurationIsVisible = 0;
			defaultConfigurationName = Release;
		};
/* End XCConfigurationList section */
	};
	rootObject = AC463F4B2072F6A70096C800 /* Project object */;
}
