// !$*UTF8*$!
{
	archiveVersion = 1;
	classes = {
	};
	objectVersion = 50;
	objects = {

/* Begin PBXBuildFile section */
		AC930C31207D6A800044D1C2 /* AppDelegate.swift in Sources */ = {isa = PBXBuildFile; fileRef = AC930C30207D6A800044D1C2 /* AppDelegate.swift */; };
		AC930C36207D6A800044D1C2 /* Main.storyboard in Resources */ = {isa = PBXBuildFile; fileRef = AC930C34207D6A800044D1C2 /* Main.storyboard */; };
		AC930C38207D6A830044D1C2 /* Assets.xcassets in Resources */ = {isa = PBXBuildFile; fileRef = AC930C37207D6A830044D1C2 /* Assets.xcassets */; };
		AC930C3B207D6A830044D1C2 /* LaunchScreen.storyboard in Resources */ = {isa = PBXBuildFile; fileRef = AC930C39207D6A830044D1C2 /* LaunchScreen.storyboard */; };
		AC930C43207D6B8A0044D1C2 /* CountingTabBarController.swift in Sources */ = {isa = PBXBuildFile; fileRef = AC930C42207D6B8A0044D1C2 /* CountingTabBarController.swift */; };
		AC930C45207D6BA80044D1C2 /* GenericViewController.swift in Sources */ = {isa = PBXBuildFile; fileRef = AC930C44207D6BA80044D1C2 /* GenericViewController.swift */; };
/* End PBXBuildFile section */

/* Begin PBXFileReference section */
		AC930C2D207D6A800044D1C2 /* LetsTab.app */ = {isa = PBXFileReference; explicitFileType = wrapper.application; includeInIndex = 0; path = LetsTab.app; sourceTree = BUILT_PRODUCTS_DIR; };
		AC930C30207D6A800044D1C2 /* AppDelegate.swift */ = {isa = PBXFileReference; lastKnownFileType = sourcecode.swift; path = AppDelegate.swift; sourceTree = "<group>"; };
		AC930C35207D6A800044D1C2 /* Base */ = {isa = PBXFileReference; lastKnownFileType = file.storyboard; name = Base; path = Base.lproj/Main.storyboard; sourceTree = "<group>"; };
		AC930C37207D6A830044D1C2 /* Assets.xcassets */ = {isa = PBXFileReference; lastKnownFileType = folder.assetcatalog; path = Assets.xcassets; sourceTree = "<group>"; };
		AC930C3A207D6A830044D1C2 /* Base */ = {isa = PBXFileReference; lastKnownFileType = file.storyboard; name = Base; path = Base.lproj/LaunchScreen.storyboard; sourceTree = "<group>"; };
		AC930C3C207D6A830044D1C2 /* Info.plist */ = {isa = PBXFileReference; lastKnownFileType = text.plist.xml; path = Info.plist; sourceTree = "<group>"; };
		AC930C42207D6B8A0044D1C2 /* CountingTabBarController.swift */ = {isa = PBXFileReference; lastKnownFileType = sourcecode.swift; path = CountingTabBarController.swift; sourceTree = "<group>"; };
		AC930C44207D6BA80044D1C2 /* GenericViewController.swift */ = {isa = PBXFileReference; lastKnownFileType = sourcecode.swift; path = GenericViewController.swift; sourceTree = "<group>"; };
/* End PBXFileReference section */

/* Begin PBXFrameworksBuildPhase section */
		AC930C2A207D6A800044D1C2 /* Frameworks */ = {
			isa = PBXFrameworksBuildPhase;
			buildActionMask = 2147483647;
			files = (
			);
			runOnlyForDeploymentPostprocessing = 0;
		};
/* End PBXFrameworksBuildPhase section */

/* Begin PBXGroup section */
		AC930C24207D6A7F0044D1C2 = {
			isa = PBXGroup;
			children = (
				AC930C2F207D6A800044D1C2 /* LetsTab */,
				AC930C2E207D6A800044D1C2 /* Products */,
			);
			sourceTree = "<group>";
		};
		AC930C2E207D6A800044D1C2 /* Products */ = {
			isa = PBXGroup;
			children = (
				AC930C2D207D6A800044D1C2 /* LetsTab.app */,
			);
			name = Products;
			sourceTree = "<group>";
		};
		AC930C2F207D6A800044D1C2 /* LetsTab */ = {
			isa = PBXGroup;
			children = (
				AC930C30207D6A800044D1C2 /* AppDelegate.swift */,
				AC930C34207D6A800044D1C2 /* Main.storyboard */,
				AC930C37207D6A830044D1C2 /* Assets.xcassets */,
				AC930C39207D6A830044D1C2 /* LaunchScreen.storyboard */,
				AC930C3C207D6A830044D1C2 /* Info.plist */,
				AC930C42207D6B8A0044D1C2 /* CountingTabBarController.swift */,
				AC930C44207D6BA80044D1C2 /* GenericViewController.swift */,
			);
			path = LetsTab;
			sourceTree = "<group>";
		};
/* End PBXGroup section */

/* Begin PBXNativeTarget section */
		AC930C2C207D6A800044D1C2 /* LetsTab */ = {
			isa = PBXNativeTarget;
			buildConfigurationList = AC930C3F207D6A830044D1C2 /* Build configuration list for PBXNativeTarget "LetsTab" */;
			buildPhases = (
				AC930C29207D6A800044D1C2 /* Sources */,
				AC930C2A207D6A800044D1C2 /* Frameworks */,
				AC930C2B207D6A800044D1C2 /* Resources */,
			);
			buildRules = (
			);
			dependencies = (
			);
			name = LetsTab;
			productName = LetsTab;
			productReference = AC930C2D207D6A800044D1C2 /* LetsTab.app */;
			productType = "com.apple.product-type.application";
		};
/* End PBXNativeTarget section */

/* Begin PBXProject section */
		AC930C25207D6A7F0044D1C2 /* Project object */ = {
			isa = PBXProject;
			attributes = {
				LastSwiftUpdateCheck = 0930;
				LastUpgradeCheck = 0930;
				ORGANIZATIONNAME = "Ryan Jasany";
				TargetAttributes = {
					AC930C2C207D6A800044D1C2 = {
						CreatedOnToolsVersion = 9.3;
					};
				};
			};
			buildConfigurationList = AC930C28207D6A7F0044D1C2 /* Build configuration list for PBXProject "LetsTab" */;
			compatibilityVersion = "Xcode 9.3";
			developmentRegion = en;
			hasScannedForEncodings = 0;
			knownRegions = (
				en,
				Base,
			);
			mainGroup = AC930C24207D6A7F0044D1C2;
			productRefGroup = AC930C2E207D6A800044D1C2 /* Products */;
			projectDirPath = "";
			projectRoot = "";
			targets = (
				AC930C2C207D6A800044D1C2 /* LetsTab */,
			);
		};
/* End PBXProject section */

/* Begin PBXResourcesBuildPhase section */
		AC930C2B207D6A800044D1C2 /* Resources */ = {
			isa = PBXResourcesBuildPhase;
			buildActionMask = 2147483647;
			files = (
				AC930C3B207D6A830044D1C2 /* LaunchScreen.storyboard in Resources */,
				AC930C38207D6A830044D1C2 /* Assets.xcassets in Resources */,
				AC930C36207D6A800044D1C2 /* Main.storyboard in Resources */,
			);
			runOnlyForDeploymentPostprocessing = 0;
		};
/* End PBXResourcesBuildPhase section */

/* Begin PBXSourcesBuildPhase section */
		AC930C29207D6A800044D1C2 /* Sources */ = {
			isa = PBXSourcesBuildPhase;
			buildActionMask = 2147483647;
			files = (
				AC930C45207D6BA80044D1C2 /* GenericViewController.swift in Sources */,
				AC930C43207D6B8A0044D1C2 /* CountingTabBarController.swift in Sources */,
				AC930C31207D6A800044D1C2 /* AppDelegate.swift in Sources */,
			);
			runOnlyForDeploymentPostprocessing = 0;
		};
/* End PBXSourcesBuildPhase section */

/* Begin PBXVariantGroup section */
		AC930C34207D6A800044D1C2 /* Main.storyboard */ = {
			isa = PBXVariantGroup;
			children = (
				AC930C35207D6A800044D1C2 /* Base */,
			);
			name = Main.storyboard;
			sourceTree = "<group>";
		};
		AC930C39207D6A830044D1C2 /* LaunchScreen.storyboard */ = {
			isa = PBXVariantGroup;
			children = (
				AC930C3A207D6A830044D1C2 /* Base */,
			);
			name = LaunchScreen.storyboard;
			sourceTree = "<group>";
		};
/* End PBXVariantGroup section */

/* Begin XCBuildConfiguration section */
		AC930C3D207D6A830044D1C2 /* Debug */ = {
			isa = XCBuildConfiguration;
			buildSettings = {
				ALWAYS_SEARCH_USER_PATHS = NO;
				CLANG_ANALYZER_NONNULL = YES;
				CLANG_ANALYZER_NUMBER_OBJECT_CONVERSION = YES_AGGRESSIVE;
				CLANG_CXX_LANGUAGE_STANDARD = "gnu++14";
				CLANG_CXX_LIBRARY = "libc++";
				CLANG_ENABLE_MODULES = YES;
				CLANG_ENABLE_OBJC_ARC = YES;
				CLANG_ENABLE_OBJC_WEAK = YES;
				CLANG_WARN_BLOCK_CAPTURE_AUTORELEASING = YES;
				CLANG_WARN_BOOL_CONVERSION = YES;
				CLANG_WARN_COMMA = YES;
				CLANG_WARN_CONSTANT_CONVERSION = YES;
				CLANG_WARN_DEPRECATED_OBJC_IMPLEMENTATIONS = YES;
				CLANG_WARN_DIRECT_OBJC_ISA_USAGE = YES_ERROR;
				CLANG_WARN_DOCUMENTATION_COMMENTS = YES;
				CLANG_WARN_EMPTY_BODY = YES;
				CLANG_WARN_ENUM_CONVERSION = YES;
				CLANG_WARN_INFINITE_RECURSION = YES;
				CLANG_WARN_INT_CONVERSION = YES;
				CLANG_WARN_NON_LITERAL_NULL_CONVERSION = YES;
				CLANG_WARN_OBJC_IMPLICIT_RETAIN_SELF = YES;
				CLANG_WARN_OBJC_LITERAL_CONVERSION = YES;
				CLANG_WARN_OBJC_ROOT_CLASS = YES_ERROR;
				CLANG_WARN_RANGE_LOOP_ANALYSIS = YES;
				CLANG_WARN_STRICT_PROTOTYPES = YES;
				CLANG_WARN_SUSPICIOUS_MOVE = YES;
				CLANG_WARN_UNGUARDED_AVAILABILITY = YES_AGGRESSIVE;
				CLANG_WARN_UNREACHABLE_CODE = YES;
				CLANG_WARN__DUPLICATE_METHOD_MATCH = YES;
				CODE_SIGN_IDENTITY = "iPhone Developer";
				COPY_PHASE_STRIP = NO;
				DEBUG_INFORMATION_FORMAT = dwarf;
				ENABLE_STRICT_OBJC_MSGSEND = YES;
				ENABLE_TESTABILITY = YES;
				GCC_C_LANGUAGE_STANDARD = gnu11;
				GCC_DYNAMIC_NO_PIC = NO;
				GCC_NO_COMMON_BLOCKS = YES;
				GCC_OPTIMIZATION_LEVEL = 0;
				GCC_PREPROCESSOR_DEFINITIONS = (
					"DEBUG=1",
					"$(inherited)",
				);
				GCC_WARN_64_TO_32_BIT_CONVERSION = YES;
				GCC_WARN_ABOUT_RETURN_TYPE = YES_ERROR;
				GCC_WARN_UNDECLARED_SELECTOR = YES;
				GCC_WARN_UNINITIALIZED_AUTOS = YES_AGGRESSIVE;
				GCC_WARN_UNUSED_FUNCTION = YES;
				GCC_WARN_UNUSED_VARIABLE = YES;
				IPHONEOS_DEPLOYMENT_TARGET = 11.3;
				MTL_ENABLE_DEBUG_INFO = YES;
				ONLY_ACTIVE_ARCH = YES;
				SDKROOT = iphoneos;
				SWIFT_ACTIVE_COMPILATION_CONDITIONS = DEBUG;
				SWIFT_OPTIMIZATION_LEVEL = "-Onone";
			};
			name = Debug;
		};
		AC930C3E207D6A830044D1C2 /* Release */ = {
			isa = XCBuildConfiguration;
			buildSettings = {
				ALWAYS_SEARCH_USER_PATHS = NO;
				CLANG_ANALYZER_NONNULL = YES;
				CLANG_ANALYZER_NUMBER_OBJECT_CONVERSION = YES_AGGRESSIVE;
				CLANG_CXX_LANGUAGE_STANDARD = "gnu++14";
				CLANG_CXX_LIBRARY = "libc++";
				CLANG_ENABLE_MODULES = YES;
				CLANG_ENABLE_OBJC_ARC = YES;
				CLANG_ENABLE_OBJC_WEAK = YES;
				CLANG_WARN_BLOCK_CAPTURE_AUTORELEASING = YES;
				CLANG_WARN_BOOL_CONVERSION = YES;
				CLANG_WARN_COMMA = YES;
				CLANG_WARN_CONSTANT_CONVERSION = YES;
				CLANG_WARN_DEPRECATED_OBJC_IMPLEMENTATIONS = YES;
				CLANG_WARN_DIRECT_OBJC_ISA_USAGE = YES_ERROR;
				CLANG_WARN_DOCUMENTATION_COMMENTS = YES;
				CLANG_WARN_EMPTY_BODY = YES;
				CLANG_WARN_ENUM_CONVERSION = YES;
				CLANG_WARN_INFINITE_RECURSION = YES;
				CLANG_WARN_INT_CONVERSION = YES;
				CLANG_WARN_NON_LITERAL_NULL_CONVERSION = YES;
				CLANG_WARN_OBJC_IMPLICIT_RETAIN_SELF = YES;
				CLANG_WARN_OBJC_LITERAL_CONVERSION = YES;
				CLANG_WARN_OBJC_ROOT_CLASS = YES_ERROR;
				CLANG_WARN_RANGE_LOOP_ANALYSIS = YES;
				CLANG_WARN_STRICT_PROTOTYPES = YES;
				CLANG_WARN_SUSPICIOUS_MOVE = YES;
				CLANG_WARN_UNGUARDED_AVAILABILITY = YES_AGGRESSIVE;
				CLANG_WARN_UNREACHABLE_CODE = YES;
				CLANG_WARN__DUPLICATE_METHOD_MATCH = YES;
				CODE_SIGN_IDENTITY = "iPhone Developer";
				COPY_PHASE_STRIP = NO;
				DEBUG_INFORMATION_FORMAT = "dwarf-with-dsym";
				ENABLE_NS_ASSERTIONS = NO;
				ENABLE_STRICT_OBJC_MSGSEND = YES;
				GCC_C_LANGUAGE_STANDARD = gnu11;
				GCC_NO_COMMON_BLOCKS = YES;
				GCC_WARN_64_TO_32_BIT_CONVERSION = YES;
				GCC_WARN_ABOUT_RETURN_TYPE = YES_ERROR;
				GCC_WARN_UNDECLARED_SELECTOR = YES;
				GCC_WARN_UNINITIALIZED_AUTOS = YES_AGGRESSIVE;
				GCC_WARN_UNUSED_FUNCTION = YES;
				GCC_WARN_UNUSED_VARIABLE = YES;
				IPHONEOS_DEPLOYMENT_TARGET = 11.3;
				MTL_ENABLE_DEBUG_INFO = NO;
				SDKROOT = iphoneos;
				SWIFT_COMPILATION_MODE = wholemodule;
				SWIFT_OPTIMIZATION_LEVEL = "-O";
				VALIDATE_PRODUCT = YES;
			};
			name = Release;
		};
		AC930C40207D6A830044D1C2 /* Debug */ = {
			isa = XCBuildConfiguration;
			buildSettings = {
				ASSETCATALOG_COMPILER_APPICON_NAME = AppIcon;
				CODE_SIGN_STYLE = Automatic;
				INFOPLIST_FILE = LetsTab/Info.plist;
				LD_RUNPATH_SEARCH_PATHS = (
					"$(inherited)",
					"@executable_path/Frameworks",
				);
				PRODUCT_BUNDLE_IDENTIFIER = com.ryanjasany.LetsTab;
				PRODUCT_NAME = "$(TARGET_NAME)";
				SWIFT_VERSION = 4.0;
				TARGETED_DEVICE_FAMILY = "1,2";
			};
			name = Debug;
		};
		AC930C41207D6A830044D1C2 /* Release */ = {
			isa = XCBuildConfiguration;
			buildSettings = {
				ASSETCATALOG_COMPILER_APPICON_NAME = AppIcon;
				CODE_SIGN_STYLE = Automatic;
				INFOPLIST_FILE = LetsTab/Info.plist;
				LD_RUNPATH_SEARCH_PATHS = (
					"$(inherited)",
					"@executable_path/Frameworks",
				);
				PRODUCT_BUNDLE_IDENTIFIER = com.ryanjasany.LetsTab;
				PRODUCT_NAME = "$(TARGET_NAME)";
				SWIFT_VERSION = 4.0;
				TARGETED_DEVICE_FAMILY = "1,2";
			};
			name = Release;
		};
/* End XCBuildConfiguration section */

/* Begin XCConfigurationList section */
		AC930C28207D6A7F0044D1C2 /* Build configuration list for PBXProject "LetsTab" */ = {
			isa = XCConfigurationList;
			buildConfigurations = (
				AC930C3D207D6A830044D1C2 /* Debug */,
				AC930C3E207D6A830044D1C2 /* Release */,
			);
			defaultConfigurationIsVisible = 0;
			defaultConfigurationName = Release;
		};
		AC930C3F207D6A830044D1C2 /* Build configuration list for PBXNativeTarget "LetsTab" */ = {
			isa = XCConfigurationList;
			buildConfigurations = (
				AC930C40207D6A830044D1C2 /* Debug */,
				AC930C41207D6A830044D1C2 /* Release */,
			);
			defaultConfigurationIsVisible = 0;
			defaultConfigurationName = Release;
		};
/* End XCConfigurationList section */
	};
	rootObject = AC930C25207D6A7F0044D1C2 /* Project object */;
}
