// !$*UTF8*$!
{
	archiveVersion = 1;
	classes = {
	};
	objectVersion = 48;
	objects = {

/* Begin PBXBuildFile section */
		AC57F9E6206C54E5009ABADB /* AppDelegate.swift in Sources */ = {isa = PBXBuildFile; fileRef = AC57F9E5206C54E5009ABADB /* AppDelegate.swift */; };
		AC57F9E8206C54E5009ABADB /* ViewController.swift in Sources */ = {isa = PBXBuildFile; fileRef = AC57F9E7206C54E5009ABADB /* ViewController.swift */; };
		AC57F9EB206C54E5009ABADB /* Main.storyboard in Resources */ = {isa = PBXBuildFile; fileRef = AC57F9E9206C54E5009ABADB /* Main.storyboard */; };
		AC57F9ED206C54E5009ABADB /* Assets.xcassets in Resources */ = {isa = PBXBuildFile; fileRef = AC57F9EC206C54E5009ABADB /* Assets.xcassets */; };
		AC57F9F0206C54E5009ABADB /* LaunchScreen.storyboard in Resources */ = {isa = PBXBuildFile; fileRef = AC57F9EE206C54E5009ABADB /* LaunchScreen.storyboard */; };
		AC57F9F8206C554C009ABADB /* Scene2ViewController.swift in Sources */ = {isa = PBXBuildFile; fileRef = AC57F9F7206C554C009ABADB /* Scene2ViewController.swift */; };
/* End PBXBuildFile section */

/* Begin PBXFileReference section */
		AC57F9E2206C54E5009ABADB /* Lab10-MultipleScenes.app */ = {isa = PBXFileReference; explicitFileType = wrapper.application; includeInIndex = 0; path = "Lab10-MultipleScenes.app"; sourceTree = BUILT_PRODUCTS_DIR; };
		AC57F9E5206C54E5009ABADB /* AppDelegate.swift */ = {isa = PBXFileReference; lastKnownFileType = sourcecode.swift; path = AppDelegate.swift; sourceTree = "<group>"; };
		AC57F9E7206C54E5009ABADB /* ViewController.swift */ = {isa = PBXFileReference; lastKnownFileType = sourcecode.swift; path = ViewController.swift; sourceTree = "<group>"; };
		AC57F9EA206C54E5009ABADB /* Base */ = {isa = PBXFileReference; lastKnownFileType = file.storyboard; name = Base; path = Base.lproj/Main.storyboard; sourceTree = "<group>"; };
		AC57F9EC206C54E5009ABADB /* Assets.xcassets */ = {isa = PBXFileReference; lastKnownFileType = folder.assetcatalog; path = Assets.xcassets; sourceTree = "<group>"; };
		AC57F9EF206C54E5009ABADB /* Base */ = {isa = PBXFileReference; lastKnownFileType = file.storyboard; name = Base; path = Base.lproj/LaunchScreen.storyboard; sourceTree = "<group>"; };
		AC57F9F1206C54E5009ABADB /* Info.plist */ = {isa = PBXFileReference; lastKnownFileType = text.plist.xml; path = Info.plist; sourceTree = "<group>"; };
		AC57F9F7206C554C009ABADB /* Scene2ViewController.swift */ = {isa = PBXFileReference; lastKnownFileType = sourcecode.swift; path = Scene2ViewController.swift; sourceTree = "<group>"; };
/* End PBXFileReference section */

/* Begin PBXFrameworksBuildPhase section */
		AC57F9DF206C54E5009ABADB /* Frameworks */ = {
			isa = PBXFrameworksBuildPhase;
			buildActionMask = 2147483647;
			files = (
			);
			runOnlyForDeploymentPostprocessing = 0;
		};
/* End PBXFrameworksBuildPhase section */

/* Begin PBXGroup section */
		AC57F9D9206C54E5009ABADB = {
			isa = PBXGroup;
			children = (
				AC57F9E4206C54E5009ABADB /* Lab10-MultipleScenes */,
				AC57F9E3206C54E5009ABADB /* Products */,
			);
			sourceTree = "<group>";
		};
		AC57F9E3206C54E5009ABADB /* Products */ = {
			isa = PBXGroup;
			children = (
				AC57F9E2206C54E5009ABADB /* Lab10-MultipleScenes.app */,
			);
			name = Products;
			sourceTree = "<group>";
		};
		AC57F9E4206C54E5009ABADB /* Lab10-MultipleScenes */ = {
			isa = PBXGroup;
			children = (
				AC57F9E5206C54E5009ABADB /* AppDelegate.swift */,
				AC57F9F7206C554C009ABADB /* Scene2ViewController.swift */,
				AC57F9E7206C54E5009ABADB /* ViewController.swift */,
				AC57F9E9206C54E5009ABADB /* Main.storyboard */,
				AC57F9EC206C54E5009ABADB /* Assets.xcassets */,
				AC57F9EE206C54E5009ABADB /* LaunchScreen.storyboard */,
				AC57F9F1206C54E5009ABADB /* Info.plist */,
			);
			path = "Lab10-MultipleScenes";
			sourceTree = "<group>";
		};
/* End PBXGroup section */

/* Begin PBXNativeTarget section */
		AC57F9E1206C54E5009ABADB /* Lab10-MultipleScenes */ = {
			isa = PBXNativeTarget;
			buildConfigurationList = AC57F9F4206C54E5009ABADB /* Build configuration list for PBXNativeTarget "Lab10-MultipleScenes" */;
			buildPhases = (
				AC57F9DE206C54E5009ABADB /* Sources */,
				AC57F9DF206C54E5009ABADB /* Frameworks */,
				AC57F9E0206C54E5009ABADB /* Resources */,
			);
			buildRules = (
			);
			dependencies = (
			);
			name = "Lab10-MultipleScenes";
			productName = "Lab10-MultipleScenes";
			productReference = AC57F9E2206C54E5009ABADB /* Lab10-MultipleScenes.app */;
			productType = "com.apple.product-type.application";
		};
/* End PBXNativeTarget section */

/* Begin PBXProject section */
		AC57F9DA206C54E5009ABADB /* Project object */ = {
			isa = PBXProject;
			attributes = {
				LastSwiftUpdateCheck = 0920;
				LastUpgradeCheck = 0920;
				ORGANIZATIONNAME = "Ryan Jasany";
				TargetAttributes = {
					AC57F9E1206C54E5009ABADB = {
						CreatedOnToolsVersion = 9.2;
						ProvisioningStyle = Automatic;
					};
				};
			};
			buildConfigurationList = AC57F9DD206C54E5009ABADB /* Build configuration list for PBXProject "Lab10-MultipleScenes" */;
			compatibilityVersion = "Xcode 8.0";
			developmentRegion = en;
			hasScannedForEncodings = 0;
			knownRegions = (
				en,
				Base,
			);
			mainGroup = AC57F9D9206C54E5009ABADB;
			productRefGroup = AC57F9E3206C54E5009ABADB /* Products */;
			projectDirPath = "";
			projectRoot = "";
			targets = (
				AC57F9E1206C54E5009ABADB /* Lab10-MultipleScenes */,
			);
		};
/* End PBXProject section */

/* Begin PBXResourcesBuildPhase section */
		AC57F9E0206C54E5009ABADB /* Resources */ = {
			isa = PBXResourcesBuildPhase;
			buildActionMask = 2147483647;
			files = (
				AC57F9F0206C54E5009ABADB /* LaunchScreen.storyboard in Resources */,
				AC57F9ED206C54E5009ABADB /* Assets.xcassets in Resources */,
				AC57F9EB206C54E5009ABADB /* Main.storyboard in Resources */,
			);
			runOnlyForDeploymentPostprocessing = 0;
		};
/* End PBXResourcesBuildPhase section */

/* Begin PBXSourcesBuildPhase section */
		AC57F9DE206C54E5009ABADB /* Sources */ = {
			isa = PBXSourcesBuildPhase;
			buildActionMask = 2147483647;
			files = (
				AC57F9E8206C54E5009ABADB /* ViewController.swift in Sources */,
				AC57F9E6206C54E5009ABADB /* AppDelegate.swift in Sources */,
				AC57F9F8206C554C009ABADB /* Scene2ViewController.swift in Sources */,
			);
			runOnlyForDeploymentPostprocessing = 0;
		};
/* End PBXSourcesBuildPhase section */

/* Begin PBXVariantGroup section */
		AC57F9E9206C54E5009ABADB /* Main.storyboard */ = {
			isa = PBXVariantGroup;
			children = (
				AC57F9EA206C54E5009ABADB /* Base */,
			);
			name = Main.storyboard;
			sourceTree = "<group>";
		};
		AC57F9EE206C54E5009ABADB /* LaunchScreen.storyboard */ = {
			isa = PBXVariantGroup;
			children = (
				AC57F9EF206C54E5009ABADB /* Base */,
			);
			name = LaunchScreen.storyboard;
			sourceTree = "<group>";
		};
/* End PBXVariantGroup section */

/* Begin XCBuildConfiguration section */
		AC57F9F2206C54E5009ABADB /* Debug */ = {
			isa = XCBuildConfiguration;
			buildSettings = {
				ALWAYS_SEARCH_USER_PATHS = NO;
				CLANG_ANALYZER_NONNULL = YES;
				CLANG_ANALYZER_NUMBER_OBJECT_CONVERSION = YES_AGGRESSIVE;
				CLANG_CXX_LANGUAGE_STANDARD = "gnu++14";
				CLANG_CXX_LIBRARY = "libc++";
				CLANG_ENABLE_MODULES = YES;
				CLANG_ENABLE_OBJC_ARC = YES;
				CLANG_WARN_BLOCK_CAPTURE_AUTORELEASING = YES;
				CLANG_WARN_BOOL_CONVERSION = YES;
				CLANG_WARN_COMMA = YES;
				CLANG_WARN_CONSTANT_CONVERSION = YES;
				CLANG_WARN_DIRECT_OBJC_ISA_USAGE = YES_ERROR;
				CLANG_WARN_DOCUMENTATION_COMMENTS = YES;
				CLANG_WARN_EMPTY_BODY = YES;
				CLANG_WARN_ENUM_CONVERSION = YES;
				CLANG_WARN_INFINITE_RECURSION = YES;
				CLANG_WARN_INT_CONVERSION = YES;
				CLANG_WARN_NON_LITERAL_NULL_CONVERSION = YES;
				CLANG_WARN_OBJC_LITERAL_CONVERSION = YES;
				CLANG_WARN_OBJC_ROOT_CLASS = YES_ERROR;
				CLANG_WARN_RANGE_LOOP_ANALYSIS = YES;
				CLANG_WARN_STRICT_PROTOTYPES = YES;
				CLANG_WARN_SUSPICIOUS_MOVE = YES;
				CLANG_WARN_UNGUARDED_AVAILABILITY = YES_AGGRESSIVE;
				CLANG_WARN_UNREACHABLE_CODE = YES;
				CLANG_WARN__DUPLICATE_METHOD_MATCH = YES;
				CODE_SIGN_IDENTITY = "iPhone Developer";
				COPY_PHASE_STRIP = NO;
				DEBUG_INFORMATION_FORMAT = dwarf;
				ENABLE_STRICT_OBJC_MSGSEND = YES;
				ENABLE_TESTABILITY = YES;
				GCC_C_LANGUAGE_STANDARD = gnu11;
				GCC_DYNAMIC_NO_PIC = NO;
				GCC_NO_COMMON_BLOCKS = YES;
				GCC_OPTIMIZATION_LEVEL = 0;
				GCC_PREPROCESSOR_DEFINITIONS = (
					"DEBUG=1",
					"$(inherited)",
				);
				GCC_WARN_64_TO_32_BIT_CONVERSION = YES;
				GCC_WARN_ABOUT_RETURN_TYPE = YES_ERROR;
				GCC_WARN_UNDECLARED_SELECTOR = YES;
				GCC_WARN_UNINITIALIZED_AUTOS = YES_AGGRESSIVE;
				GCC_WARN_UNUSED_FUNCTION = YES;
				GCC_WARN_UNUSED_VARIABLE = YES;
				IPHONEOS_DEPLOYMENT_TARGET = 11.2;
				MTL_ENABLE_DEBUG_INFO = YES;
				ONLY_ACTIVE_ARCH = YES;
				SDKROOT = iphoneos;
				SWIFT_ACTIVE_COMPILATION_CONDITIONS = DEBUG;
				SWIFT_OPTIMIZATION_LEVEL = "-Onone";
			};
			name = Debug;
		};
		AC57F9F3206C54E5009ABADB /* Release */ = {
			isa = XCBuildConfiguration;
			buildSettings = {
				ALWAYS_SEARCH_USER_PATHS = NO;
				CLANG_ANALYZER_NONNULL = YES;
				CLANG_ANALYZER_NUMBER_OBJECT_CONVERSION = YES_AGGRESSIVE;
				CLANG_CXX_LANGUAGE_STANDARD = "gnu++14";
				CLANG_CXX_LIBRARY = "libc++";
				CLANG_ENABLE_MODULES = YES;
				CLANG_ENABLE_OBJC_ARC = YES;
				CLANG_WARN_BLOCK_CAPTURE_AUTORELEASING = YES;
				CLANG_WARN_BOOL_CONVERSION = YES;
				CLANG_WARN_COMMA = YES;
				CLANG_WARN_CONSTANT_CONVERSION = YES;
				CLANG_WARN_DIRECT_OBJC_ISA_USAGE = YES_ERROR;
				CLANG_WARN_DOCUMENTATION_COMMENTS = YES;
				CLANG_WARN_EMPTY_BODY = YES;
				CLANG_WARN_ENUM_CONVERSION = YES;
				CLANG_WARN_INFINITE_RECURSION = YES;
				CLANG_WARN_INT_CONVERSION = YES;
				CLANG_WARN_NON_LITERAL_NULL_CONVERSION = YES;
				CLANG_WARN_OBJC_LITERAL_CONVERSION = YES;
				CLANG_WARN_OBJC_ROOT_CLASS = YES_ERROR;
				CLANG_WARN_RANGE_LOOP_ANALYSIS = YES;
				CLANG_WARN_STRICT_PROTOTYPES = YES;
				CLANG_WARN_SUSPICIOUS_MOVE = YES;
				CLANG_WARN_UNGUARDED_AVAILABILITY = YES_AGGRESSIVE;
				CLANG_WARN_UNREACHABLE_CODE = YES;
				CLANG_WARN__DUPLICATE_METHOD_MATCH = YES;
				CODE_SIGN_IDENTITY = "iPhone Developer";
				COPY_PHASE_STRIP = NO;
				DEBUG_INFORMATION_FORMAT = "dwarf-with-dsym";
				ENABLE_NS_ASSERTIONS = NO;
				ENABLE_STRICT_OBJC_MSGSEND = YES;
				GCC_C_LANGUAGE_STANDARD = gnu11;
				GCC_NO_COMMON_BLOCKS = YES;
				GCC_WARN_64_TO_32_BIT_CONVERSION = YES;
				GCC_WARN_ABOUT_RETURN_TYPE = YES_ERROR;
				GCC_WARN_UNDECLARED_SELECTOR = YES;
				GCC_WARN_UNINITIALIZED_AUTOS = YES_AGGRESSIVE;
				GCC_WARN_UNUSED_FUNCTION = YES;
				GCC_WARN_UNUSED_VARIABLE = YES;
				IPHONEOS_DEPLOYMENT_TARGET = 11.2;
				MTL_ENABLE_DEBUG_INFO = NO;
				SDKROOT = iphoneos;
				SWIFT_OPTIMIZATION_LEVEL = "-Owholemodule";
				VALIDATE_PRODUCT = YES;
			};
			name = Release;
		};
		AC57F9F5206C54E5009ABADB /* Debug */ = {
			isa = XCBuildConfiguration;
			buildSettings = {
				ASSETCATALOG_COMPILER_APPICON_NAME = AppIcon;
				CODE_SIGN_STYLE = Automatic;
				INFOPLIST_FILE = "Lab10-MultipleScenes/Info.plist";
				LD_RUNPATH_SEARCH_PATHS = "$(inherited) @executable_path/Frameworks";
				PRODUCT_BUNDLE_IDENTIFIER = "com.ryanjasany.Lab10-MultipleScenes";
				PRODUCT_NAME = "$(TARGET_NAME)";
				SWIFT_VERSION = 4.0;
				TARGETED_DEVICE_FAMILY = "1,2";
			};
			name = Debug;
		};
		AC57F9F6206C54E5009ABADB /* Release */ = {
			isa = XCBuildConfiguration;
			buildSettings = {
				ASSETCATALOG_COMPILER_APPICON_NAME = AppIcon;
				CODE_SIGN_STYLE = Automatic;
				INFOPLIST_FILE = "Lab10-MultipleScenes/Info.plist";
				LD_RUNPATH_SEARCH_PATHS = "$(inherited) @executable_path/Frameworks";
				PRODUCT_BUNDLE_IDENTIFIER = "com.ryanjasany.Lab10-MultipleScenes";
				PRODUCT_NAME = "$(TARGET_NAME)";
				SWIFT_VERSION = 4.0;
				TARGETED_DEVICE_FAMILY = "1,2";
			};
			name = Release;
		};
/* End XCBuildConfiguration section */

/* Begin XCConfigurationList section */
		AC57F9DD206C54E5009ABADB /* Build configuration list for PBXProject "Lab10-MultipleScenes" */ = {
			isa = XCConfigurationList;
			buildConfigurations = (
				AC57F9F2206C54E5009ABADB /* Debug */,
				AC57F9F3206C54E5009ABADB /* Release */,
			);
			defaultConfigurationIsVisible = 0;
			defaultConfigurationName = Release;
		};
		AC57F9F4206C54E5009ABADB /* Build configuration list for PBXNativeTarget "Lab10-MultipleScenes" */ = {
			isa = XCConfigurationList;
			buildConfigurations = (
				AC57F9F5206C54E5009ABADB /* Debug */,
				AC57F9F6206C54E5009ABADB /* Release */,
			);
			defaultConfigurationIsVisible = 0;
			defaultConfigurationName = Release;
		};
/* End XCConfigurationList section */
	};
	rootObject = AC57F9DA206C54E5009ABADB /* Project object */;
}
